
Microsoft Visual Studio Solution File, Format Version 12.00
# Visual Studio Version 17
VisualStudioVersion = 17.11.35327.3
MinimumVisualStudioVersion = 10.0.40219.1
Project("{9A19103F-16F7-4668-BE54-9A1E7A4F7556}") = "OTA_API", "OTA_API.csproj", "{BDA785D1-854C-4580-B4ED-002DA03F0A0E}"
EndProject
Global
	GlobalSection(SolutionConfigurationPlatforms) = preSolution
		Debug|Any CPU = Debug|Any CPU
		Release|Any CPU = Release|Any CPU
	EndGlobalSection
	GlobalSection(ProjectConfigurationPlatforms) = postSolution
		{BDA785D1-854C-4580-B4ED-002DA03F0A0E}.Debug|Any CPU.ActiveCfg = Debug|Any CPU
		{BDA785D1-854C-4580-B4ED-002DA03F0A0E}.Debug|Any CPU.Build.0 = Debug|Any CPU
		{BDA785D1-854C-4580-B4ED-002DA03F0A0E}.Release|Any CPU.ActiveCfg = Release|Any CPU
		{BDA785D1-854C-4580-B4ED-002DA03F0A0E}.Release|Any CPU.Build.0 = Release|Any CPU
	EndGlobalSection
	GlobalSection(SolutionProperties) = preSolution
		HideSolutionNode = FALSE
	EndGlobalSection
	GlobalSection(ExtensibilityGlobals) = postSolution
		SolutionGuid = {BF5DCE10-5F63-43CE-BFE4-81175782A4DC}
	EndGlobalSection
EndGlobal
